
Microsoft Visual Studio Solution File, Format Version 12.00
# Visual Studio Version 16
VisualStudioVersion = 16.0.31911.196
MinimumVisualStudioVersion = 10.0.40219.1
Project("{FAE04EC0-301F-11D3-BF4B-00C04F79EFBC}") = "Varov.Lab8", "Varov.Lab8.csproj", "{FBB3B330-26F3-4AD5-94CE-440281EE0D25}"
EndProject
Global
	GlobalSection(SolutionConfigurationPlatforms) = preSolution
		Debug|Any CPU = Debug|Any CPU
		Release|Any CPU = Release|Any CPU
	EndGlobalSection
	GlobalSection(ProjectConfigurationPlatforms) = postSolution
		{FBB3B330-26F3-4AD5-94CE-440281EE0D25}.Debug|Any CPU.ActiveCfg = Debug|Any CPU
		{FBB3B330-26F3-4AD5-94CE-440281EE0D25}.Debug|Any CPU.Build.0 = Debug|Any CPU
		{FBB3B330-26F3-4AD5-94CE-440281EE0D25}.Release|Any CPU.ActiveCfg = Release|Any CPU
		{FBB3B330-26F3-4AD5-94CE-440281EE0D25}.Release|Any CPU.Build.0 = Release|Any CPU
	EndGlobalSection
	GlobalSection(SolutionProperties) = preSolution
		HideSolutionNode = FALSE
	EndGlobalSection
	GlobalSection(ExtensibilityGlobals) = postSolution
		SolutionGuid = {9E8E7ADB-0561-4E79-9C9D-60B51AB27824}
	EndGlobalSection
EndGlobal
